// !$*UTF8*$!
{
	archiveVersion = 1;
	classes = {
	};
	objectVersion = 46;
	objects = {

/* Begin PBXBuildFile section */
		F1593E7E191B1C520097954F /* Foundation.framework in Frameworks */ = {isa = PBXBuildFile; fileRef = F1593E7D191B1C520097954F /* Foundation.framework */; };
		F1593E80191B1C520097954F /* CoreGraphics.framework in Frameworks */ = {isa = PBXBuildFile; fileRef = F1593E7F191B1C520097954F /* CoreGraphics.framework */; };
		F1593E82191B1C520097954F /* UIKit.framework in Frameworks */ = {isa = PBXBuildFile; fileRef = F1593E81191B1C520097954F /* UIKit.framework */; };
		F1593E88191B1C520097954F /* InfoPlist.strings in Resources */ = {isa = PBXBuildFile; fileRef = F1593E86191B1C520097954F /* InfoPlist.strings */; };
		F1593E8A191B1C520097954F /* main.m in Sources */ = {isa = PBXBuildFile; fileRef = F1593E89191B1C520097954F /* main.m */; };
		F1593E8E191B1C520097954F /* AppDelegate.m in Sources */ = {isa = PBXBuildFile; fileRef = F1593E8D191B1C520097954F /* AppDelegate.m */; };
		F1593E90191B1C520097954F /* Images.xcassets in Resources */ = {isa = PBXBuildFile; fileRef = F1593E8F191B1C520097954F /* Images.xcassets */; };
		F1593E97191B1C520097954F /* XCTest.framework in Frameworks */ = {isa = PBXBuildFile; fileRef = F1593E96191B1C520097954F /* XCTest.framework */; };
		F1593E98191B1C520097954F /* Foundation.framework in Frameworks */ = {isa = PBXBuildFile; fileRef = F1593E7D191B1C520097954F /* Foundation.framework */; };
		F1593E99191B1C520097954F /* UIKit.framework in Frameworks */ = {isa = PBXBuildFile; fileRef = F1593E81191B1C520097954F /* UIKit.framework */; };
		F1593EA1191B1C520097954F /* InfoPlist.strings in Resources */ = {isa = PBXBuildFile; fileRef = F1593E9F191B1C520097954F /* InfoPlist.strings */; };
		F1593EA3191B1C520097954F /* PhotoPreviewerTests.m in Sources */ = {isa = PBXBuildFile; fileRef = F1593EA2191B1C520097954F /* PhotoPreviewerTests.m */; };
		F1593EAE191B1CBC0097954F /* ImagePreviewViewController.m in Sources */ = {isa = PBXBuildFile; fileRef = F1593EAD191B1CBC0097954F /* ImagePreviewViewController.m */; };
		F1593EB1191B1D030097954F /* ImageZoomScroll.m in Sources */ = {isa = PBXBuildFile; fileRef = F1593EB0191B1D030097954F /* ImageZoomScroll.m */; };
		F1593EBA191B26B20097954F /* image1.jpg in Resources */ = {isa = PBXBuildFile; fileRef = F1593EB3191B26B20097954F /* image1.jpg */; };
		F1593EBB191B26B20097954F /* image2.jpg in Resources */ = {isa = PBXBuildFile; fileRef = F1593EB4191B26B20097954F /* image2.jpg */; };
		F1593EBC191B26B20097954F /* image3.jpg in Resources */ = {isa = PBXBuildFile; fileRef = F1593EB5191B26B20097954F /* image3.jpg */; };
		F1593EBD191B26B20097954F /* image4.jpg in Resources */ = {isa = PBXBuildFile; fileRef = F1593EB6191B26B20097954F /* image4.jpg */; };
		F1593EBE191B26B20097954F /* image5.jpg in Resources */ = {isa = PBXBuildFile; fileRef = F1593EB7191B26B20097954F /* image5.jpg */; };
		F1593EBF191B26B20097954F /* image6.jpg in Resources */ = {isa = PBXBuildFile; fileRef = F1593EB8191B26B20097954F /* image6.jpg */; };
		F1593EC0191B26B20097954F /* image7.jpg in Resources */ = {isa = PBXBuildFile; fileRef = F1593EB9191B26B20097954F /* image7.jpg */; };
/* End PBXBuildFile section */

/* Begin PBXContainerItemProxy section */
		F1593E9A191B1C520097954F /* PBXContainerItemProxy */ = {
			isa = PBXContainerItemProxy;
			containerPortal = F1593E72191B1C520097954F /* Project object */;
			proxyType = 1;
			remoteGlobalIDString = F1593E79191B1C520097954F;
			remoteInfo = PhotoPreviewer;
		};
/* End PBXContainerItemProxy section */

/* Begin PBXFileReference section */
		F1593E7A191B1C520097954F /* PhotoPreviewer.app */ = {isa = PBXFileReference; explicitFileType = wrapper.application; includeInIndex = 0; path = PhotoPreviewer.app; sourceTree = BUILT_PRODUCTS_DIR; };
		F1593E7D191B1C520097954F /* Foundation.framework */ = {isa = PBXFileReference; lastKnownFileType = wrapper.framework; name = Foundation.framework; path = System/Library/Frameworks/Foundation.framework; sourceTree = SDKROOT; };
		F1593E7F191B1C520097954F /* CoreGraphics.framework */ = {isa = PBXFileReference; lastKnownFileType = wrapper.framework; name = CoreGraphics.framework; path = System/Library/Frameworks/CoreGraphics.framework; sourceTree = SDKROOT; };
		F1593E81191B1C520097954F /* UIKit.framework */ = {isa = PBXFileReference; lastKnownFileType = wrapper.framework; name = UIKit.framework; path = System/Library/Frameworks/UIKit.framework; sourceTree = SDKROOT; };
		F1593E85191B1C520097954F /* PhotoPreviewer-Info.plist */ = {isa = PBXFileReference; lastKnownFileType = text.plist.xml; path = "PhotoPreviewer-Info.plist"; sourceTree = "<group>"; };
		F1593E87191B1C520097954F /* en */ = {isa = PBXFileReference; lastKnownFileType = text.plist.strings; name = en; path = en.lproj/InfoPlist.strings; sourceTree = "<group>"; };
		F1593E89191B1C520097954F /* main.m */ = {isa = PBXFileReference; lastKnownFileType = sourcecode.c.objc; path = main.m; sourceTree = "<group>"; };
		F1593E8B191B1C520097954F /* PhotoPreviewer-Prefix.pch */ = {isa = PBXFileReference; lastKnownFileType = sourcecode.c.h; path = "PhotoPreviewer-Prefix.pch"; sourceTree = "<group>"; };
		F1593E8C191B1C520097954F /* AppDelegate.h */ = {isa = PBXFileReference; lastKnownFileType = sourcecode.c.h; path = AppDelegate.h; sourceTree = "<group>"; };
		F1593E8D191B1C520097954F /* AppDelegate.m */ = {isa = PBXFileReference; lastKnownFileType = sourcecode.c.objc; path = AppDelegate.m; sourceTree = "<group>"; };
		F1593E8F191B1C520097954F /* Images.xcassets */ = {isa = PBXFileReference; lastKnownFileType = folder.assetcatalog; path = Images.xcassets; sourceTree = "<group>"; };
		F1593E95191B1C520097954F /* PhotoPreviewerTests.xctest */ = {isa = PBXFileReference; explicitFileType = wrapper.cfbundle; includeInIndex = 0; path = PhotoPreviewerTests.xctest; sourceTree = BUILT_PRODUCTS_DIR; };
		F1593E96191B1C520097954F /* XCTest.framework */ = {isa = PBXFileReference; lastKnownFileType = wrapper.framework; name = XCTest.framework; path = Library/Frameworks/XCTest.framework; sourceTree = DEVELOPER_DIR; };
		F1593E9E191B1C520097954F /* PhotoPreviewerTests-Info.plist */ = {isa = PBXFileReference; lastKnownFileType = text.plist.xml; path = "PhotoPreviewerTests-Info.plist"; sourceTree = "<group>"; };
		F1593EA0191B1C520097954F /* en */ = {isa = PBXFileReference; lastKnownFileType = text.plist.strings; name = en; path = en.lproj/InfoPlist.strings; sourceTree = "<group>"; };
		F1593EA2191B1C520097954F /* PhotoPreviewerTests.m */ = {isa = PBXFileReference; lastKnownFileType = sourcecode.c.objc; path = PhotoPreviewerTests.m; sourceTree = "<group>"; };
		F1593EAC191B1CBC0097954F /* ImagePreviewViewController.h */ = {isa = PBXFileReference; fileEncoding = 4; lastKnownFileType = sourcecode.c.h; path = ImagePreviewViewController.h; sourceTree = "<group>"; };
		F1593EAD191B1CBC0097954F /* ImagePreviewViewController.m */ = {isa = PBXFileReference; fileEncoding = 4; lastKnownFileType = sourcecode.c.objc; path = ImagePreviewViewController.m; sourceTree = "<group>"; };
		F1593EAF191B1D030097954F /* ImageZoomScroll.h */ = {isa = PBXFileReference; fileEncoding = 4; lastKnownFileType = sourcecode.c.h; path = ImageZoomScroll.h; sourceTree = "<group>"; };
		F1593EB0191B1D030097954F /* ImageZoomScroll.m */ = {isa = PBXFileReference; fileEncoding = 4; lastKnownFileType = sourcecode.c.objc; path = ImageZoomScroll.m; sourceTree = "<group>"; };
		F1593EB3191B26B20097954F /* image1.jpg */ = {isa = PBXFileReference; lastKnownFileType = image.jpeg; path = image1.jpg; sourceTree = "<group>"; };
		F1593EB4191B26B20097954F /* image2.jpg */ = {isa = PBXFileReference; lastKnownFileType = image.jpeg; path = image2.jpg; sourceTree = "<group>"; };
		F1593EB5191B26B20097954F /* image3.jpg */ = {isa = PBXFileReference; lastKnownFileType = image.jpeg; path = image3.jpg; sourceTree = "<group>"; };
		F1593EB6191B26B20097954F /* image4.jpg */ = {isa = PBXFileReference; lastKnownFileType = image.jpeg; path = image4.jpg; sourceTree = "<group>"; };
		F1593EB7191B26B20097954F /* image5.jpg */ = {isa = PBXFileReference; lastKnownFileType = image.jpeg; path = image5.jpg; sourceTree = "<group>"; };
		F1593EB8191B26B20097954F /* image6.jpg */ = {isa = PBXFileReference; lastKnownFileType = image.jpeg; path = image6.jpg; sourceTree = "<group>"; };
		F1593EB9191B26B20097954F /* image7.jpg */ = {isa = PBXFileReference; lastKnownFileType = image.jpeg; path = image7.jpg; sourceTree = "<group>"; };
/* End PBXFileReference section */

/* Begin PBXFrameworksBuildPhase section */
		F1593E77191B1C520097954F /* Frameworks */ = {
			isa = PBXFrameworksBuildPhase;
			buildActionMask = 2147483647;
			files = (
				F1593E80191B1C520097954F /* CoreGraphics.framework in Frameworks */,
				F1593E82191B1C520097954F /* UIKit.framework in Frameworks */,
				F1593E7E191B1C520097954F /* Foundation.framework in Frameworks */,
			);
			runOnlyForDeploymentPostprocessing = 0;
		};
		F1593E92191B1C520097954F /* Frameworks */ = {
			isa = PBXFrameworksBuildPhase;
			buildActionMask = 2147483647;
			files = (
				F1593E97191B1C520097954F /* XCTest.framework in Frameworks */,
				F1593E99191B1C520097954F /* UIKit.framework in Frameworks */,
				F1593E98191B1C520097954F /* Foundation.framework in Frameworks */,
			);
			runOnlyForDeploymentPostprocessing = 0;
		};
/* End PBXFrameworksBuildPhase section */

/* Begin PBXGroup section */
		F1593E71191B1C520097954F = {
			isa = PBXGroup;
			children = (
				F1593E83191B1C520097954F /* PhotoPreviewer */,
				F1593E9C191B1C520097954F /* PhotoPreviewerTests */,
				F1593E7C191B1C520097954F /* Frameworks */,
				F1593E7B191B1C520097954F /* Products */,
			);
			sourceTree = "<group>";
		};
		F1593E7B191B1C520097954F /* Products */ = {
			isa = PBXGroup;
			children = (
				F1593E7A191B1C520097954F /* PhotoPreviewer.app */,
				F1593E95191B1C520097954F /* PhotoPreviewerTests.xctest */,
			);
			name = Products;
			sourceTree = "<group>";
		};
		F1593E7C191B1C520097954F /* Frameworks */ = {
			isa = PBXGroup;
			children = (
				F1593E7D191B1C520097954F /* Foundation.framework */,
				F1593E7F191B1C520097954F /* CoreGraphics.framework */,
				F1593E81191B1C520097954F /* UIKit.framework */,
				F1593E96191B1C520097954F /* XCTest.framework */,
			);
			name = Frameworks;
			sourceTree = "<group>";
		};
		F1593E83191B1C520097954F /* PhotoPreviewer */ = {
			isa = PBXGroup;
			children = (
				F1593EB2191B26B20097954F /* images */,
				F1593E8C191B1C520097954F /* AppDelegate.h */,
				F1593E8D191B1C520097954F /* AppDelegate.m */,
				F1593EAC191B1CBC0097954F /* ImagePreviewViewController.h */,
				F1593EAD191B1CBC0097954F /* ImagePreviewViewController.m */,
				F1593EAF191B1D030097954F /* ImageZoomScroll.h */,
				F1593EB0191B1D030097954F /* ImageZoomScroll.m */,
				F1593E8F191B1C520097954F /* Images.xcassets */,
				F1593E84191B1C520097954F /* Supporting Files */,
			);
			path = PhotoPreviewer;
			sourceTree = "<group>";
		};
		F1593E84191B1C520097954F /* Supporting Files */ = {
			isa = PBXGroup;
			children = (
				F1593E85191B1C520097954F /* PhotoPreviewer-Info.plist */,
				F1593E86191B1C520097954F /* InfoPlist.strings */,
				F1593E89191B1C520097954F /* main.m */,
				F1593E8B191B1C520097954F /* PhotoPreviewer-Prefix.pch */,
			);
			name = "Supporting Files";
			sourceTree = "<group>";
		};
		F1593E9C191B1C520097954F /* PhotoPreviewerTests */ = {
			isa = PBXGroup;
			children = (
				F1593EA2191B1C520097954F /* PhotoPreviewerTests.m */,
				F1593E9D191B1C520097954F /* Supporting Files */,
			);
			path = PhotoPreviewerTests;
			sourceTree = "<group>";
		};
		F1593E9D191B1C520097954F /* Supporting Files */ = {
			isa = PBXGroup;
			children = (
				F1593E9E191B1C520097954F /* PhotoPreviewerTests-Info.plist */,
				F1593E9F191B1C520097954F /* InfoPlist.strings */,
			);
			name = "Supporting Files";
			sourceTree = "<group>";
		};
		F1593EB2191B26B20097954F /* images */ = {
			isa = PBXGroup;
			children = (
				F1593EB3191B26B20097954F /* image1.jpg */,
				F1593EB4191B26B20097954F /* image2.jpg */,
				F1593EB5191B26B20097954F /* image3.jpg */,
				F1593EB6191B26B20097954F /* image4.jpg */,
				F1593EB7191B26B20097954F /* image5.jpg */,
				F1593EB8191B26B20097954F /* image6.jpg */,
				F1593EB9191B26B20097954F /* image7.jpg */,
			);
			path = images;
			sourceTree = "<group>";
		};
/* End PBXGroup section */

/* Begin PBXNativeTarget section */
		F1593E79191B1C520097954F /* PhotoPreviewer */ = {
			isa = PBXNativeTarget;
			buildConfigurationList = F1593EA6191B1C520097954F /* Build configuration list for PBXNativeTarget "PhotoPreviewer" */;
			buildPhases = (
				F1593E76191B1C520097954F /* Sources */,
				F1593E77191B1C520097954F /* Frameworks */,
				F1593E78191B1C520097954F /* Resources */,
			);
			buildRules = (
			);
			dependencies = (
			);
			name = PhotoPreviewer;
			productName = PhotoPreviewer;
			productReference = F1593E7A191B1C520097954F /* PhotoPreviewer.app */;
			productType = "com.apple.product-type.application";
		};
		F1593E94191B1C520097954F /* PhotoPreviewerTests */ = {
			isa = PBXNativeTarget;
			buildConfigurationList = F1593EA9191B1C520097954F /* Build configuration list for PBXNativeTarget "PhotoPreviewerTests" */;
			buildPhases = (
				F1593E91191B1C520097954F /* Sources */,
				F1593E92191B1C520097954F /* Frameworks */,
				F1593E93191B1C520097954F /* Resources */,
			);
			buildRules = (
			);
			dependencies = (
				F1593E9B191B1C520097954F /* PBXTargetDependency */,
			);
			name = PhotoPreviewerTests;
			productName = PhotoPreviewerTests;
			productReference = F1593E95191B1C520097954F /* PhotoPreviewerTests.xctest */;
			productType = "com.apple.product-type.bundle.unit-test";
		};
/* End PBXNativeTarget section */

/* Begin PBXProject section */
		F1593E72191B1C520097954F /* Project object */ = {
			isa = PBXProject;
			attributes = {
				LastUpgradeCheck = 0510;
				ORGANIZATIONNAME = "www.lanou3g.com 北京蓝鸥科技有限公司";
				TargetAttributes = {
					F1593E94191B1C520097954F = {
						TestTargetID = F1593E79191B1C520097954F;
					};
				};
			};
			buildConfigurationList = F1593E75191B1C520097954F /* Build configuration list for PBXProject "PhotoPreviewer" */;
			compatibilityVersion = "Xcode 3.2";
			developmentRegion = English;
			hasScannedForEncodings = 0;
			knownRegions = (
				en,
			);
			mainGroup = F1593E71191B1C520097954F;
			productRefGroup = F1593E7B191B1C520097954F /* Products */;
			projectDirPath = "";
			projectRoot = "";
			targets = (
				F1593E79191B1C520097954F /* PhotoPreviewer */,
				F1593E94191B1C520097954F /* PhotoPreviewerTests */,
			);
		};
/* End PBXProject section */

/* Begin PBXResourcesBuildPhase section */
		F1593E78191B1C520097954F /* Resources */ = {
			isa = PBXResourcesBuildPhase;
			buildActionMask = 2147483647;
			files = (
				F1593E88191B1C520097954F /* InfoPlist.strings in Resources */,
				F1593EBC191B26B20097954F /* image3.jpg in Resources */,
				F1593EC0191B26B20097954F /* image7.jpg in Resources */,
				F1593EBF191B26B20097954F /* image6.jpg in Resources */,
				F1593EBD191B26B20097954F /* image4.jpg in Resources */,
				F1593EBE191B26B20097954F /* image5.jpg in Resources */,
				F1593E90191B1C520097954F /* Images.xcassets in Resources */,
				F1593EBB191B26B20097954F /* image2.jpg in Resources */,
				F1593EBA191B26B20097954F /* image1.jpg in Resources */,
			);
			runOnlyForDeploymentPostprocessing = 0;
		};
		F1593E93191B1C520097954F /* Resources */ = {
			isa = PBXResourcesBuildPhase;
			buildActionMask = 2147483647;
			files = (
				F1593EA1191B1C520097954F /* InfoPlist.strings in Resources */,
			);
			runOnlyForDeploymentPostprocessing = 0;
		};
/* End PBXResourcesBuildPhase section */

/* Begin PBXSourcesBuildPhase section */
		F1593E76191B1C520097954F /* Sources */ = {
			isa = PBXSourcesBuildPhase;
			buildActionMask = 2147483647;
			files = (
				F1593E8E191B1C520097954F /* AppDelegate.m in Sources */,
				F1593EAE191B1CBC0097954F /* ImagePreviewViewController.m in Sources */,
				F1593E8A191B1C520097954F /* main.m in Sources */,
				F1593EB1191B1D030097954F /* ImageZoomScroll.m in Sources */,
			);
			runOnlyForDeploymentPostprocessing = 0;
		};
		F1593E91191B1C520097954F /* Sources */ = {
			isa = PBXSourcesBuildPhase;
			buildActionMask = 2147483647;
			files = (
				F1593EA3191B1C520097954F /* PhotoPreviewerTests.m in Sources */,
			);
			runOnlyForDeploymentPostprocessing = 0;
		};
/* End PBXSourcesBuildPhase section */

/* Begin PBXTargetDependency section */
		F1593E9B191B1C520097954F /* PBXTargetDependency */ = {
			isa = PBXTargetDependency;
			target = F1593E79191B1C520097954F /* PhotoPreviewer */;
			targetProxy = F1593E9A191B1C520097954F /* PBXContainerItemProxy */;
		};
/* End PBXTargetDependency section */

/* Begin PBXVariantGroup section */
		F1593E86191B1C520097954F /* InfoPlist.strings */ = {
			isa = PBXVariantGroup;
			children = (
				F1593E87191B1C520097954F /* en */,
			);
			name = InfoPlist.strings;
			sourceTree = "<group>";
		};
		F1593E9F191B1C520097954F /* InfoPlist.strings */ = {
			isa = PBXVariantGroup;
			children = (
				F1593EA0191B1C520097954F /* en */,
			);
			name = InfoPlist.strings;
			sourceTree = "<group>";
		};
/* End PBXVariantGroup section */

/* Begin XCBuildConfiguration section */
		F1593EA4191B1C520097954F /* Debug */ = {
			isa = XCBuildConfiguration;
			buildSettings = {
				ALWAYS_SEARCH_USER_PATHS = NO;
				CLANG_CXX_LANGUAGE_STANDARD = "gnu++0x";
				CLANG_CXX_LIBRARY = "libc++";
				CLANG_ENABLE_MODULES = YES;
				CLANG_ENABLE_OBJC_ARC = YES;
				CLANG_WARN_BOOL_CONVERSION = YES;
				CLANG_WARN_CONSTANT_CONVERSION = YES;
				CLANG_WARN_DIRECT_OBJC_ISA_USAGE = YES_ERROR;
				CLANG_WARN_EMPTY_BODY = YES;
				CLANG_WARN_ENUM_CONVERSION = YES;
				CLANG_WARN_INT_CONVERSION = YES;
				CLANG_WARN_OBJC_ROOT_CLASS = YES_ERROR;
				CLANG_WARN__DUPLICATE_METHOD_MATCH = YES;
				"CODE_SIGN_IDENTITY[sdk=iphoneos*]" = "iPhone Developer";
				COPY_PHASE_STRIP = NO;
				GCC_C_LANGUAGE_STANDARD = gnu99;
				GCC_DYNAMIC_NO_PIC = NO;
				GCC_OPTIMIZATION_LEVEL = 0;
				GCC_PREPROCESSOR_DEFINITIONS = (
					"DEBUG=1",
					"$(inherited)",
				);
				GCC_SYMBOLS_PRIVATE_EXTERN = NO;
				GCC_WARN_64_TO_32_BIT_CONVERSION = YES;
				GCC_WARN_ABOUT_RETURN_TYPE = YES_ERROR;
				GCC_WARN_UNDECLARED_SELECTOR = YES;
				GCC_WARN_UNINITIALIZED_AUTOS = YES_AGGRESSIVE;
				GCC_WARN_UNUSED_FUNCTION = YES;
				GCC_WARN_UNUSED_VARIABLE = YES;
				IPHONEOS_DEPLOYMENT_TARGET = 7.1;
				ONLY_ACTIVE_ARCH = YES;
				SDKROOT = iphoneos;
			};
			name = Debug;
		};
		F1593EA5191B1C520097954F /* Release */ = {
			isa = XCBuildConfiguration;
			buildSettings = {
				ALWAYS_SEARCH_USER_PATHS = NO;
				CLANG_CXX_LANGUAGE_STANDARD = "gnu++0x";
				CLANG_CXX_LIBRARY = "libc++";
				CLANG_ENABLE_MODULES = YES;
				CLANG_ENABLE_OBJC_ARC = YES;
				CLANG_WARN_BOOL_CONVERSION = YES;
				CLANG_WARN_CONSTANT_CONVERSION = YES;
				CLANG_WARN_DIRECT_OBJC_ISA_USAGE = YES_ERROR;
				CLANG_WARN_EMPTY_BODY = YES;
				CLANG_WARN_ENUM_CONVERSION = YES;
				CLANG_WARN_INT_CONVERSION = YES;
				CLANG_WARN_OBJC_ROOT_CLASS = YES_ERROR;
				CLANG_WARN__DUPLICATE_METHOD_MATCH = YES;
				"CODE_SIGN_IDENTITY[sdk=iphoneos*]" = "iPhone Developer";
				COPY_PHASE_STRIP = YES;
				ENABLE_NS_ASSERTIONS = NO;
				GCC_C_LANGUAGE_STANDARD = gnu99;
				GCC_WARN_64_TO_32_BIT_CONVERSION = YES;
				GCC_WARN_ABOUT_RETURN_TYPE = YES_ERROR;
				GCC_WARN_UNDECLARED_SELECTOR = YES;
				GCC_WARN_UNINITIALIZED_AUTOS = YES_AGGRESSIVE;
				GCC_WARN_UNUSED_FUNCTION = YES;
				GCC_WARN_UNUSED_VARIABLE = YES;
				IPHONEOS_DEPLOYMENT_TARGET = 7.1;
				SDKROOT = iphoneos;
				VALIDATE_PRODUCT = YES;
			};
			name = Release;
		};
		F1593EA7191B1C520097954F /* Debug */ = {
			isa = XCBuildConfiguration;
			buildSettings = {
				ASSETCATALOG_COMPILER_APPICON_NAME = AppIcon;
				ASSETCATALOG_COMPILER_LAUNCHIMAGE_NAME = LaunchImage;
				CLANG_ENABLE_OBJC_ARC = NO;
				GCC_PRECOMPILE_PREFIX_HEADER = YES;
				GCC_PREFIX_HEADER = "PhotoPreviewer/PhotoPreviewer-Prefix.pch";
				INFOPLIST_FILE = "PhotoPreviewer/PhotoPreviewer-Info.plist";
				PRODUCT_NAME = "$(TARGET_NAME)";
				WRAPPER_EXTENSION = app;
			};
			name = Debug;
		};
		F1593EA8191B1C520097954F /* Release */ = {
			isa = XCBuildConfiguration;
			buildSettings = {
				ASSETCATALOG_COMPILER_APPICON_NAME = AppIcon;
				ASSETCATALOG_COMPILER_LAUNCHIMAGE_NAME = LaunchImage;
				CLANG_ENABLE_OBJC_ARC = NO;
				GCC_PRECOMPILE_PREFIX_HEADER = YES;
				GCC_PREFIX_HEADER = "PhotoPreviewer/PhotoPreviewer-Prefix.pch";
				INFOPLIST_FILE = "PhotoPreviewer/PhotoPreviewer-Info.plist";
				PRODUCT_NAME = "$(TARGET_NAME)";
				WRAPPER_EXTENSION = app;
			};
			name = Release;
		};
		F1593EAA191B1C520097954F /* Debug */ = {
			isa = XCBuildConfiguration;
			buildSettings = {
				BUNDLE_LOADER = "$(BUILT_PRODUCTS_DIR)/PhotoPreviewer.app/PhotoPreviewer";
				FRAMEWORK_SEARCH_PATHS = (
					"$(SDKROOT)/Developer/Library/Frameworks",
					"$(inherited)",
					"$(DEVELOPER_FRAMEWORKS_DIR)",
				);
				GCC_PRECOMPILE_PREFIX_HEADER = YES;
				GCC_PREFIX_HEADER = "PhotoPreviewer/PhotoPreviewer-Prefix.pch";
				GCC_PREPROCESSOR_DEFINITIONS = (
					"DEBUG=1",
					"$(inherited)",
				);
				INFOPLIST_FILE = "PhotoPreviewerTests/PhotoPreviewerTests-Info.plist";
				PRODUCT_NAME = "$(TARGET_NAME)";
				TEST_HOST = "$(BUNDLE_LOADER)";
				WRAPPER_EXTENSION = xctest;
			};
			name = Debug;
		};
		F1593EAB191B1C520097954F /* Release */ = {
			isa = XCBuildConfiguration;
			buildSettings = {
				BUNDLE_LOADER = "$(BUILT_PRODUCTS_DIR)/PhotoPreviewer.app/PhotoPreviewer";
				FRAMEWORK_SEARCH_PATHS = (
					"$(SDKROOT)/Developer/Library/Frameworks",
					"$(inherited)",
					"$(DEVELOPER_FRAMEWORKS_DIR)",
				);
				GCC_PRECOMPILE_PREFIX_HEADER = YES;
				GCC_PREFIX_HEADER = "PhotoPreviewer/PhotoPreviewer-Prefix.pch";
				INFOPLIST_FILE = "PhotoPreviewerTests/PhotoPreviewerTests-Info.plist";
				PRODUCT_NAME = "$(TARGET_NAME)";
				TEST_HOST = "$(BUNDLE_LOADER)";
				WRAPPER_EXTENSION = xctest;
			};
			name = Release;
		};
/* End XCBuildConfiguration section */

/* Begin XCConfigurationList section */
		F1593E75191B1C520097954F /* Build configuration list for PBXProject "PhotoPreviewer" */ = {
			isa = XCConfigurationList;
			buildConfigurations = (
				F1593EA4191B1C520097954F /* Debug */,
				F1593EA5191B1C520097954F /* Release */,
			);
			defaultConfigurationIsVisible = 0;
			defaultConfigurationName = Release;
		};
		F1593EA6191B1C520097954F /* Build configuration list for PBXNativeTarget "PhotoPreviewer" */ = {
			isa = XCConfigurationList;
			buildConfigurations = (
				F1593EA7191B1C520097954F /* Debug */,
				F1593EA8191B1C520097954F /* Release */,
			);
			defaultConfigurationIsVisible = 0;
			defaultConfigurationName = Release;
		};
		F1593EA9191B1C520097954F /* Build configuration list for PBXNativeTarget "PhotoPreviewerTests" */ = {
			isa = XCConfigurationList;
			buildConfigurations = (
				F1593EAA191B1C520097954F /* Debug */,
				F1593EAB191B1C520097954F /* Release */,
			);
			defaultConfigurationIsVisible = 0;
			defaultConfigurationName = Release;
		};
/* End XCConfigurationList section */
	};
	rootObject = F1593E72191B1C520097954F /* Project object */;
}
